
Microsoft Visual Studio Solution File, Format Version 12.00
# Visual Studio Version 16
VisualStudioVersion = 16.0.30621.155
MinimumVisualStudioVersion = 10.0.40219.1
Project("{FAE04EC0-301F-11D3-BF4B-00C04F79EFBC}") = "IGalery", "IGalery\IGalery.csproj", "{A2227E23-FD07-417C-A9F4-7E0C857B3CB0}"
EndProject
Global
	GlobalSection(SolutionConfigurationPlatforms) = preSolution
		Debug|Any CPU = Debug|Any CPU
		Release|Any CPU = Release|Any CPU
	EndGlobalSection
	GlobalSection(ProjectConfigurationPlatforms) = postSolution
		{A2227E23-FD07-417C-A9F4-7E0C857B3CB0}.Debug|Any CPU.ActiveCfg = Debug|Any CPU
		{A2227E23-FD07-417C-A9F4-7E0C857B3CB0}.Debug|Any CPU.Build.0 = Debug|Any CPU
		{A2227E23-FD07-417C-A9F4-7E0C857B3CB0}.Release|Any CPU.ActiveCfg = Release|Any CPU
		{A2227E23-FD07-417C-A9F4-7E0C857B3CB0}.Release|Any CPU.Build.0 = Release|Any CPU
	EndGlobalSection
	GlobalSection(SolutionProperties) = preSolution
		HideSolutionNode = FALSE
	EndGlobalSection
	GlobalSection(ExtensibilityGlobals) = postSolution
		SolutionGuid = {F8480465-2F70-4F50-AF0A-B9AF87E6BECC}
	EndGlobalSection
EndGlobal
